{
  "name": "echotag-okcjs",
  "version": "1.0.0",
  "lockfileVersion": 1,
  "requires": true,
  "dependencies": {
    "echotag": {
      "version": "1.2.1",
      "resolved": "https://registry.npmjs.org/echotag/-/echotag-1.2.1.tgz",
      "integrity": "sha1-koQH5MelBVJe/g/811SDEEr5WHQ=",
      "requires": {
        "escape-html": "1.0.3"
      }
    },
    "escape-html": {
      "version": "1.0.3",
      "resolved": "https://registry.npmjs.org/escape-html/-/escape-html-1.0.3.tgz",
      "integrity": "sha1-Aljq5NPQwJdN4cFpGI7wBR0dGYg="
    }
  }
}
